
Microsoft Visual Studio Solution File, Format Version 12.00
# Visual Studio Version 17
VisualStudioVersion = 17.0.31903.59
MinimumVisualStudioVersion = 10.0.40219.1
Project("{2150E333-8FDC-42A3-9474-1A3956D46DE8}") = "src", "src", "{827E0CD3-B72D-47B6-A68D-7590B98EB39B}"
EndProject
Project("{FAE04EC0-301F-11D3-BF4B-00C04F79EFBC}") = "ExtensibilityCustomization.Core", "src\ExtensibilityCustomization.Core\ExtensibilityCustomization.Core.csproj", "{F3A41FBB-8718-4D63-B651-B53E07304364}"
EndProject
Project("{2150E333-8FDC-42A3-9474-1A3956D46DE8}") = "tests", "tests", "{0AB3BF05-4346-4AA6-1389-037BE0695223}"
EndProject
Project("{FAE04EC0-301F-11D3-BF4B-00C04F79EFBC}") = "ExtensibilityCustomization.Core.Tests", "tests\ExtensibilityCustomization.Core.Tests\ExtensibilityCustomization.Core.Tests.csproj", "{CBACEBA2-1B4C-4B06-9DD0-D1EB5E22CE9E}"
EndProject
Project("{FAE04EC0-301F-11D3-BF4B-00C04F79EFBC}") = "ExtensibilityCustomization.MyXUnitExtensions", "tests\ExtensibilityCustomization.MyXUnitExtensions\ExtensibilityCustomization.MyXUnitExtensions.csproj", "{14C1D3A2-4850-49E3-8D80-86E5415CA195}"
EndProject
Global
	GlobalSection(SolutionConfigurationPlatforms) = preSolution
		Debug|Any CPU = Debug|Any CPU
		Debug|x64 = Debug|x64
		Debug|x86 = Debug|x86
		Release|Any CPU = Release|Any CPU
		Release|x64 = Release|x64
		Release|x86 = Release|x86
	EndGlobalSection
	GlobalSection(ProjectConfigurationPlatforms) = postSolution
		{F3A41FBB-8718-4D63-B651-B53E07304364}.Debug|Any CPU.ActiveCfg = Debug|Any CPU
		{F3A41FBB-8718-4D63-B651-B53E07304364}.Debug|Any CPU.Build.0 = Debug|Any CPU
		{F3A41FBB-8718-4D63-B651-B53E07304364}.Debug|x64.ActiveCfg = Debug|Any CPU
		{F3A41FBB-8718-4D63-B651-B53E07304364}.Debug|x64.Build.0 = Debug|Any CPU
		{F3A41FBB-8718-4D63-B651-B53E07304364}.Debug|x86.ActiveCfg = Debug|Any CPU
		{F3A41FBB-8718-4D63-B651-B53E07304364}.Debug|x86.Build.0 = Debug|Any CPU
		{F3A41FBB-8718-4D63-B651-B53E07304364}.Release|Any CPU.ActiveCfg = Release|Any CPU
		{F3A41FBB-8718-4D63-B651-B53E07304364}.Release|Any CPU.Build.0 = Release|Any CPU
		{F3A41FBB-8718-4D63-B651-B53E07304364}.Release|x64.ActiveCfg = Release|Any CPU
		{F3A41FBB-8718-4D63-B651-B53E07304364}.Release|x64.Build.0 = Release|Any CPU
		{F3A41FBB-8718-4D63-B651-B53E07304364}.Release|x86.ActiveCfg = Release|Any CPU
		{F3A41FBB-8718-4D63-B651-B53E07304364}.Release|x86.Build.0 = Release|Any CPU
		{CBACEBA2-1B4C-4B06-9DD0-D1EB5E22CE9E}.Debug|Any CPU.ActiveCfg = Debug|Any CPU
		{CBACEBA2-1B4C-4B06-9DD0-D1EB5E22CE9E}.Debug|Any CPU.Build.0 = Debug|Any CPU
		{CBACEBA2-1B4C-4B06-9DD0-D1EB5E22CE9E}.Debug|x64.ActiveCfg = Debug|Any CPU
		{CBACEBA2-1B4C-4B06-9DD0-D1EB5E22CE9E}.Debug|x64.Build.0 = Debug|Any CPU
		{CBACEBA2-1B4C-4B06-9DD0-D1EB5E22CE9E}.Debug|x86.ActiveCfg = Debug|Any CPU
		{CBACEBA2-1B4C-4B06-9DD0-D1EB5E22CE9E}.Debug|x86.Build.0 = Debug|Any CPU
		{CBACEBA2-1B4C-4B06-9DD0-D1EB5E22CE9E}.Release|Any CPU.ActiveCfg = Release|Any CPU
		{CBACEBA2-1B4C-4B06-9DD0-D1EB5E22CE9E}.Release|Any CPU.Build.0 = Release|Any CPU
		{CBACEBA2-1B4C-4B06-9DD0-D1EB5E22CE9E}.Release|x64.ActiveCfg = Release|Any CPU
		{CBACEBA2-1B4C-4B06-9DD0-D1EB5E22CE9E}.Release|x64.Build.0 = Release|Any CPU
		{CBACEBA2-1B4C-4B06-9DD0-D1EB5E22CE9E}.Release|x86.ActiveCfg = Release|Any CPU
		{CBACEBA2-1B4C-4B06-9DD0-D1EB5E22CE9E}.Release|x86.Build.0 = Release|Any CPU
		{14C1D3A2-4850-49E3-8D80-86E5415CA195}.Debug|Any CPU.ActiveCfg = Debug|Any CPU
		{14C1D3A2-4850-49E3-8D80-86E5415CA195}.Debug|Any CPU.Build.0 = Debug|Any CPU
		{14C1D3A2-4850-49E3-8D80-86E5415CA195}.Debug|x64.ActiveCfg = Debug|Any CPU
		{14C1D3A2-4850-49E3-8D80-86E5415CA195}.Debug|x64.Build.0 = Debug|Any CPU
		{14C1D3A2-4850-49E3-8D80-86E5415CA195}.Debug|x86.ActiveCfg = Debug|Any CPU
		{14C1D3A2-4850-49E3-8D80-86E5415CA195}.Debug|x86.Build.0 = Debug|Any CPU
		{14C1D3A2-4850-49E3-8D80-86E5415CA195}.Release|Any CPU.ActiveCfg = Release|Any CPU
		{14C1D3A2-4850-49E3-8D80-86E5415CA195}.Release|Any CPU.Build.0 = Release|Any CPU
		{14C1D3A2-4850-49E3-8D80-86E5415CA195}.Release|x64.ActiveCfg = Release|Any CPU
		{14C1D3A2-4850-49E3-8D80-86E5415CA195}.Release|x64.Build.0 = Release|Any CPU
		{14C1D3A2-4850-49E3-8D80-86E5415CA195}.Release|x86.ActiveCfg = Release|Any CPU
		{14C1D3A2-4850-49E3-8D80-86E5415CA195}.Release|x86.Build.0 = Release|Any CPU
	EndGlobalSection
	GlobalSection(SolutionProperties) = preSolution
		HideSolutionNode = FALSE
	EndGlobalSection
	GlobalSection(NestedProjects) = preSolution
		{F3A41FBB-8718-4D63-B651-B53E07304364} = {827E0CD3-B72D-47B6-A68D-7590B98EB39B}
		{CBACEBA2-1B4C-4B06-9DD0-D1EB5E22CE9E} = {0AB3BF05-4346-4AA6-1389-037BE0695223}
		{14C1D3A2-4850-49E3-8D80-86E5415CA195} = {0AB3BF05-4346-4AA6-1389-037BE0695223}
	EndGlobalSection
EndGlobal
