
Microsoft Visual Studio Solution File, Format Version 12.00
# Visual Studio Version 17
VisualStudioVersion = 17.0.31903.59
MinimumVisualStudioVersion = 10.0.40219.1
Project("{2150E333-8FDC-42A3-9474-1A3956D46DE8}") = "src", "src", "{827E0CD3-B72D-47B6-A68D-7590B98EB39B}"
EndProject
Project("{FAE04EC0-301F-11D3-BF4B-00C04F79EFBC}") = "OutputDiagnostics.Core", "src\OutputDiagnostics.Core\OutputDiagnostics.Core.csproj", "{38902B20-87F6-4C71-8A1C-E3C46035F28D}"
EndProject
Project("{2150E333-8FDC-42A3-9474-1A3956D46DE8}") = "tests", "tests", "{0AB3BF05-4346-4AA6-1389-037BE0695223}"
EndProject
Project("{FAE04EC0-301F-11D3-BF4B-00C04F79EFBC}") = "OutputDiagnostics.Core.Tests", "tests\OutputDiagnostics.Core.Tests\OutputDiagnostics.Core.Tests.csproj", "{2E8B9854-E4B5-42F7-9B48-8A68FD6E50CC}"
EndProject
Project("{2150E333-8FDC-42A3-9474-1A3956D46DE8}") = "exercise", "exercise", "{40F14EFD-693D-8FBE-E591-9170110BD6A1}"
EndProject
Project("{2150E333-8FDC-42A3-9474-1A3956D46DE8}") = "solution", "solution", "{2BDA12E2-9444-8FD0-AA6A-5DE6828C6251}"
EndProject
Project("{FAE04EC0-301F-11D3-BF4B-00C04F79EFBC}") = "OutputDiagnostics.Exercise", "exercise\solution\OutputDiagnostics.Exercise\OutputDiagnostics.Exercise.csproj", "{5246E439-0514-423E-B566-3D6206C88FCE}"
EndProject
Global
	GlobalSection(SolutionConfigurationPlatforms) = preSolution
		Debug|Any CPU = Debug|Any CPU
		Debug|x64 = Debug|x64
		Debug|x86 = Debug|x86
		Release|Any CPU = Release|Any CPU
		Release|x64 = Release|x64
		Release|x86 = Release|x86
	EndGlobalSection
	GlobalSection(ProjectConfigurationPlatforms) = postSolution
		{38902B20-87F6-4C71-8A1C-E3C46035F28D}.Debug|Any CPU.ActiveCfg = Debug|Any CPU
		{38902B20-87F6-4C71-8A1C-E3C46035F28D}.Debug|Any CPU.Build.0 = Debug|Any CPU
		{38902B20-87F6-4C71-8A1C-E3C46035F28D}.Debug|x64.ActiveCfg = Debug|Any CPU
		{38902B20-87F6-4C71-8A1C-E3C46035F28D}.Debug|x64.Build.0 = Debug|Any CPU
		{38902B20-87F6-4C71-8A1C-E3C46035F28D}.Debug|x86.ActiveCfg = Debug|Any CPU
		{38902B20-87F6-4C71-8A1C-E3C46035F28D}.Debug|x86.Build.0 = Debug|Any CPU
		{38902B20-87F6-4C71-8A1C-E3C46035F28D}.Release|Any CPU.ActiveCfg = Release|Any CPU
		{38902B20-87F6-4C71-8A1C-E3C46035F28D}.Release|Any CPU.Build.0 = Release|Any CPU
		{38902B20-87F6-4C71-8A1C-E3C46035F28D}.Release|x64.ActiveCfg = Release|Any CPU
		{38902B20-87F6-4C71-8A1C-E3C46035F28D}.Release|x64.Build.0 = Release|Any CPU
		{38902B20-87F6-4C71-8A1C-E3C46035F28D}.Release|x86.ActiveCfg = Release|Any CPU
		{38902B20-87F6-4C71-8A1C-E3C46035F28D}.Release|x86.Build.0 = Release|Any CPU
		{2E8B9854-E4B5-42F7-9B48-8A68FD6E50CC}.Debug|Any CPU.ActiveCfg = Debug|Any CPU
		{2E8B9854-E4B5-42F7-9B48-8A68FD6E50CC}.Debug|Any CPU.Build.0 = Debug|Any CPU
		{2E8B9854-E4B5-42F7-9B48-8A68FD6E50CC}.Debug|x64.ActiveCfg = Debug|Any CPU
		{2E8B9854-E4B5-42F7-9B48-8A68FD6E50CC}.Debug|x64.Build.0 = Debug|Any CPU
		{2E8B9854-E4B5-42F7-9B48-8A68FD6E50CC}.Debug|x86.ActiveCfg = Debug|Any CPU
		{2E8B9854-E4B5-42F7-9B48-8A68FD6E50CC}.Debug|x86.Build.0 = Debug|Any CPU
		{2E8B9854-E4B5-42F7-9B48-8A68FD6E50CC}.Release|Any CPU.ActiveCfg = Release|Any CPU
		{2E8B9854-E4B5-42F7-9B48-8A68FD6E50CC}.Release|Any CPU.Build.0 = Release|Any CPU
		{2E8B9854-E4B5-42F7-9B48-8A68FD6E50CC}.Release|x64.ActiveCfg = Release|Any CPU
		{2E8B9854-E4B5-42F7-9B48-8A68FD6E50CC}.Release|x64.Build.0 = Release|Any CPU
		{2E8B9854-E4B5-42F7-9B48-8A68FD6E50CC}.Release|x86.ActiveCfg = Release|Any CPU
		{2E8B9854-E4B5-42F7-9B48-8A68FD6E50CC}.Release|x86.Build.0 = Release|Any CPU
		{5246E439-0514-423E-B566-3D6206C88FCE}.Debug|Any CPU.ActiveCfg = Debug|Any CPU
		{5246E439-0514-423E-B566-3D6206C88FCE}.Debug|Any CPU.Build.0 = Debug|Any CPU
		{5246E439-0514-423E-B566-3D6206C88FCE}.Debug|x64.ActiveCfg = Debug|Any CPU
		{5246E439-0514-423E-B566-3D6206C88FCE}.Debug|x64.Build.0 = Debug|Any CPU
		{5246E439-0514-423E-B566-3D6206C88FCE}.Debug|x86.ActiveCfg = Debug|Any CPU
		{5246E439-0514-423E-B566-3D6206C88FCE}.Debug|x86.Build.0 = Debug|Any CPU
		{5246E439-0514-423E-B566-3D6206C88FCE}.Release|Any CPU.ActiveCfg = Release|Any CPU
		{5246E439-0514-423E-B566-3D6206C88FCE}.Release|Any CPU.Build.0 = Release|Any CPU
		{5246E439-0514-423E-B566-3D6206C88FCE}.Release|x64.ActiveCfg = Release|Any CPU
		{5246E439-0514-423E-B566-3D6206C88FCE}.Release|x64.Build.0 = Release|Any CPU
		{5246E439-0514-423E-B566-3D6206C88FCE}.Release|x86.ActiveCfg = Release|Any CPU
		{5246E439-0514-423E-B566-3D6206C88FCE}.Release|x86.Build.0 = Release|Any CPU
	EndGlobalSection
	GlobalSection(SolutionProperties) = preSolution
		HideSolutionNode = FALSE
	EndGlobalSection
	GlobalSection(NestedProjects) = preSolution
		{38902B20-87F6-4C71-8A1C-E3C46035F28D} = {827E0CD3-B72D-47B6-A68D-7590B98EB39B}
		{2E8B9854-E4B5-42F7-9B48-8A68FD6E50CC} = {0AB3BF05-4346-4AA6-1389-037BE0695223}
		{2BDA12E2-9444-8FD0-AA6A-5DE6828C6251} = {40F14EFD-693D-8FBE-E591-9170110BD6A1}
		{5246E439-0514-423E-B566-3D6206C88FCE} = {2BDA12E2-9444-8FD0-AA6A-5DE6828C6251}
	EndGlobalSection
EndGlobal
